<?xml version="1.0" encoding="UTF-8"?>
<CodeBlocks_project_file>
	<FileVersion major="1" minor="6"/>
	<Project>
		<Option title="cripto_secreto_compartido"/>
		<Option makefile_is_custom="1"/>
		<Option compiler="gcc"/>
		<Option virtualFolders="CMake Files\;CMake Files\bmp_library\;CMake Files\matrix_library\;CMake Files\image_secret\;CMake Files\integration_module\;"/>
		<Build>
			<Target title="all">
				<Option working_dir="/home/joaquin/Documents/ITBA/CPTO/cripto_secreto_compartido"/>
				<Option type="4"/>
				<MakeCommands>
					<Build command="/usr/bin/make -f &quot;/home/joaquin/Documents/ITBA/CPTO/cripto_secreto_compartido/Makefile&quot;  VERBOSE=1 all"/>
					<CompileFile command="/usr/bin/make -f &quot;/home/joaquin/Documents/ITBA/CPTO/cripto_secreto_compartido/Makefile&quot;  VERBOSE=1 &quot;$file&quot;"/>
					<Clean command="/usr/bin/make -f &quot;/home/joaquin/Documents/ITBA/CPTO/cripto_secreto_compartido/Makefile&quot;  VERBOSE=1 clean"/>
					<DistClean command="/usr/bin/make -f &quot;/home/joaquin/Documents/ITBA/CPTO/cripto_secreto_compartido/Makefile&quot;  VERBOSE=1 clean"/>
				</MakeCommands>
			</Target>
			<Target title="rebuild_cache">
				<Option working_dir="/home/joaquin/Documents/ITBA/CPTO/cripto_secreto_compartido"/>
				<Option type="4"/>
				<MakeCommands>
					<Build command="/usr/bin/make -f &quot;/home/joaquin/Documents/ITBA/CPTO/cripto_secreto_compartido/Makefile&quot;  VERBOSE=1 rebuild_cache"/>
					<CompileFile command="/usr/bin/make -f &quot;/home/joaquin/Documents/ITBA/CPTO/cripto_secreto_compartido/Makefile&quot;  VERBOSE=1 &quot;$file&quot;"/>
					<Clean command="/usr/bin/make -f &quot;/home/joaquin/Documents/ITBA/CPTO/cripto_secreto_compartido/Makefile&quot;  VERBOSE=1 clean"/>
					<DistClean command="/usr/bin/make -f &quot;/home/joaquin/Documents/ITBA/CPTO/cripto_secreto_compartido/Makefile&quot;  VERBOSE=1 clean"/>
				</MakeCommands>
			</Target>
			<Target title="edit_cache">
				<Option working_dir="/home/joaquin/Documents/ITBA/CPTO/cripto_secreto_compartido"/>
				<Option type="4"/>
				<MakeCommands>
					<Build command="/usr/bin/make -f &quot;/home/joaquin/Documents/ITBA/CPTO/cripto_secreto_compartido/Makefile&quot;  VERBOSE=1 edit_cache"/>
					<CompileFile command="/usr/bin/make -f &quot;/home/joaquin/Documents/ITBA/CPTO/cripto_secreto_compartido/Makefile&quot;  VERBOSE=1 &quot;$file&quot;"/>
					<Clean command="/usr/bin/make -f &quot;/home/joaquin/Documents/ITBA/CPTO/cripto_secreto_compartido/Makefile&quot;  VERBOSE=1 clean"/>
					<DistClean command="/usr/bin/make -f &quot;/home/joaquin/Documents/ITBA/CPTO/cripto_secreto_compartido/Makefile&quot;  VERBOSE=1 clean"/>
				</MakeCommands>
			</Target>
			<Target title="bmp_library">
				<Option output="/home/joaquin/Documents/ITBA/CPTO/cripto_secreto_compartido/bmp_library/libbmp_library.a" prefix_auto="0" extension_auto="0"/>
				<Option working_dir="/home/joaquin/Documents/ITBA/CPTO/cripto_secreto_compartido/bmp_library"/>
				<Option object_output="./"/>
				<Option type="2"/>
				<Option compiler="gcc"/>
				<Compiler>
					<Add directory="/home/joaquin/Documents/ITBA/CPTO/cripto_secreto_compartido/bmp_library/src"/>
				</Compiler>
				<MakeCommands>
					<Build command="/usr/bin/make -f &quot;/home/joaquin/Documents/ITBA/CPTO/cripto_secreto_compartido/bmp_library/Makefile&quot;  VERBOSE=1 bmp_library"/>
					<CompileFile command="/usr/bin/make -f &quot;/home/joaquin/Documents/ITBA/CPTO/cripto_secreto_compartido/bmp_library/Makefile&quot;  VERBOSE=1 &quot;$file&quot;"/>
					<Clean command="/usr/bin/make -f &quot;/home/joaquin/Documents/ITBA/CPTO/cripto_secreto_compartido/bmp_library/Makefile&quot;  VERBOSE=1 clean"/>
					<DistClean command="/usr/bin/make -f &quot;/home/joaquin/Documents/ITBA/CPTO/cripto_secreto_compartido/bmp_library/Makefile&quot;  VERBOSE=1 clean"/>
				</MakeCommands>
			</Target>
			<Target title="bmp_library/fast">
				<Option output="/home/joaquin/Documents/ITBA/CPTO/cripto_secreto_compartido/bmp_library/libbmp_library.a" prefix_auto="0" extension_auto="0"/>
				<Option working_dir="/home/joaquin/Documents/ITBA/CPTO/cripto_secreto_compartido/bmp_library"/>
				<Option object_output="./"/>
				<Option type="2"/>
				<Option compiler="gcc"/>
				<Compiler>
					<Add directory="/home/joaquin/Documents/ITBA/CPTO/cripto_secreto_compartido/bmp_library/src"/>
				</Compiler>
				<MakeCommands>
					<Build command="/usr/bin/make -f &quot;/home/joaquin/Documents/ITBA/CPTO/cripto_secreto_compartido/bmp_library/Makefile&quot;  VERBOSE=1 bmp_library/fast"/>
					<CompileFile command="/usr/bin/make -f &quot;/home/joaquin/Documents/ITBA/CPTO/cripto_secreto_compartido/bmp_library/Makefile&quot;  VERBOSE=1 &quot;$file&quot;"/>
					<Clean command="/usr/bin/make -f &quot;/home/joaquin/Documents/ITBA/CPTO/cripto_secreto_compartido/bmp_library/Makefile&quot;  VERBOSE=1 clean"/>
					<DistClean command="/usr/bin/make -f &quot;/home/joaquin/Documents/ITBA/CPTO/cripto_secreto_compartido/bmp_library/Makefile&quot;  VERBOSE=1 clean"/>
				</MakeCommands>
			</Target>
			<Target title="matrix_library">
				<Option output="/home/joaquin/Documents/ITBA/CPTO/cripto_secreto_compartido/matrix_library/libmatrix_library.a" prefix_auto="0" extension_auto="0"/>
				<Option working_dir="/home/joaquin/Documents/ITBA/CPTO/cripto_secreto_compartido/matrix_library"/>
				<Option object_output="./"/>
				<Option type="2"/>
				<Option compiler="gcc"/>
				<Compiler>
					<Add directory="/home/joaquin/Documents/ITBA/CPTO/cripto_secreto_compartido/matrix_library"/>
				</Compiler>
				<MakeCommands>
					<Build command="/usr/bin/make -f &quot;/home/joaquin/Documents/ITBA/CPTO/cripto_secreto_compartido/matrix_library/Makefile&quot;  VERBOSE=1 matrix_library"/>
					<CompileFile command="/usr/bin/make -f &quot;/home/joaquin/Documents/ITBA/CPTO/cripto_secreto_compartido/matrix_library/Makefile&quot;  VERBOSE=1 &quot;$file&quot;"/>
					<Clean command="/usr/bin/make -f &quot;/home/joaquin/Documents/ITBA/CPTO/cripto_secreto_compartido/matrix_library/Makefile&quot;  VERBOSE=1 clean"/>
					<DistClean command="/usr/bin/make -f &quot;/home/joaquin/Documents/ITBA/CPTO/cripto_secreto_compartido/matrix_library/Makefile&quot;  VERBOSE=1 clean"/>
				</MakeCommands>
			</Target>
			<Target title="matrix_library/fast">
				<Option output="/home/joaquin/Documents/ITBA/CPTO/cripto_secreto_compartido/matrix_library/libmatrix_library.a" prefix_auto="0" extension_auto="0"/>
				<Option working_dir="/home/joaquin/Documents/ITBA/CPTO/cripto_secreto_compartido/matrix_library"/>
				<Option object_output="./"/>
				<Option type="2"/>
				<Option compiler="gcc"/>
				<Compiler>
					<Add directory="/home/joaquin/Documents/ITBA/CPTO/cripto_secreto_compartido/matrix_library"/>
				</Compiler>
				<MakeCommands>
					<Build command="/usr/bin/make -f &quot;/home/joaquin/Documents/ITBA/CPTO/cripto_secreto_compartido/matrix_library/Makefile&quot;  VERBOSE=1 matrix_library/fast"/>
					<CompileFile command="/usr/bin/make -f &quot;/home/joaquin/Documents/ITBA/CPTO/cripto_secreto_compartido/matrix_library/Makefile&quot;  VERBOSE=1 &quot;$file&quot;"/>
					<Clean command="/usr/bin/make -f &quot;/home/joaquin/Documents/ITBA/CPTO/cripto_secreto_compartido/matrix_library/Makefile&quot;  VERBOSE=1 clean"/>
					<DistClean command="/usr/bin/make -f &quot;/home/joaquin/Documents/ITBA/CPTO/cripto_secreto_compartido/matrix_library/Makefile&quot;  VERBOSE=1 clean"/>
				</MakeCommands>
			</Target>
			<Target title="image_secret">
				<Option output="/home/joaquin/Documents/ITBA/CPTO/cripto_secreto_compartido/image_secret/libimage_secret.a" prefix_auto="0" extension_auto="0"/>
				<Option working_dir="/home/joaquin/Documents/ITBA/CPTO/cripto_secreto_compartido/image_secret"/>
				<Option object_output="./"/>
				<Option type="2"/>
				<Option compiler="gcc"/>
				<Compiler>
					<Add directory="/home/joaquin/Documents/ITBA/CPTO/cripto_secreto_compartido/image_secret/src"/>
					<Add directory="/home/joaquin/Documents/ITBA/CPTO/cripto_secreto_compartido/matrix_library"/>
				</Compiler>
				<MakeCommands>
					<Build command="/usr/bin/make -f &quot;/home/joaquin/Documents/ITBA/CPTO/cripto_secreto_compartido/image_secret/Makefile&quot;  VERBOSE=1 image_secret"/>
					<CompileFile command="/usr/bin/make -f &quot;/home/joaquin/Documents/ITBA/CPTO/cripto_secreto_compartido/image_secret/Makefile&quot;  VERBOSE=1 &quot;$file&quot;"/>
					<Clean command="/usr/bin/make -f &quot;/home/joaquin/Documents/ITBA/CPTO/cripto_secreto_compartido/image_secret/Makefile&quot;  VERBOSE=1 clean"/>
					<DistClean command="/usr/bin/make -f &quot;/home/joaquin/Documents/ITBA/CPTO/cripto_secreto_compartido/image_secret/Makefile&quot;  VERBOSE=1 clean"/>
				</MakeCommands>
			</Target>
			<Target title="image_secret/fast">
				<Option output="/home/joaquin/Documents/ITBA/CPTO/cripto_secreto_compartido/image_secret/libimage_secret.a" prefix_auto="0" extension_auto="0"/>
				<Option working_dir="/home/joaquin/Documents/ITBA/CPTO/cripto_secreto_compartido/image_secret"/>
				<Option object_output="./"/>
				<Option type="2"/>
				<Option compiler="gcc"/>
				<Compiler>
					<Add directory="/home/joaquin/Documents/ITBA/CPTO/cripto_secreto_compartido/image_secret/src"/>
					<Add directory="/home/joaquin/Documents/ITBA/CPTO/cripto_secreto_compartido/matrix_library"/>
				</Compiler>
				<MakeCommands>
					<Build command="/usr/bin/make -f &quot;/home/joaquin/Documents/ITBA/CPTO/cripto_secreto_compartido/image_secret/Makefile&quot;  VERBOSE=1 image_secret/fast"/>
					<CompileFile command="/usr/bin/make -f &quot;/home/joaquin/Documents/ITBA/CPTO/cripto_secreto_compartido/image_secret/Makefile&quot;  VERBOSE=1 &quot;$file&quot;"/>
					<Clean command="/usr/bin/make -f &quot;/home/joaquin/Documents/ITBA/CPTO/cripto_secreto_compartido/image_secret/Makefile&quot;  VERBOSE=1 clean"/>
					<DistClean command="/usr/bin/make -f &quot;/home/joaquin/Documents/ITBA/CPTO/cripto_secreto_compartido/image_secret/Makefile&quot;  VERBOSE=1 clean"/>
				</MakeCommands>
			</Target>
			<Target title="cripto_secreto_compartido">
				<Option output="/home/joaquin/Documents/ITBA/CPTO/cripto_secreto_compartido/integration_module/cripto_secreto_compartido" prefix_auto="0" extension_auto="0"/>
				<Option working_dir=""/>
				<Option object_output="./"/>
				<Option type="1"/>
				<Option compiler="gcc"/>
				<Compiler>
					<Add directory="/home/joaquin/Documents/ITBA/CPTO/cripto_secreto_compartido/bmp_library/src"/>
					<Add directory="/home/joaquin/Documents/ITBA/CPTO/cripto_secreto_compartido/image_secret/src"/>
					<Add directory="/home/joaquin/Documents/ITBA/CPTO/cripto_secreto_compartido/matrix_library"/>
				</Compiler>
				<MakeCommands>
					<Build command="/usr/bin/make -f &quot;/home/joaquin/Documents/ITBA/CPTO/cripto_secreto_compartido/integration_module/Makefile&quot;  VERBOSE=1 cripto_secreto_compartido"/>
					<CompileFile command="/usr/bin/make -f &quot;/home/joaquin/Documents/ITBA/CPTO/cripto_secreto_compartido/integration_module/Makefile&quot;  VERBOSE=1 &quot;$file&quot;"/>
					<Clean command="/usr/bin/make -f &quot;/home/joaquin/Documents/ITBA/CPTO/cripto_secreto_compartido/integration_module/Makefile&quot;  VERBOSE=1 clean"/>
					<DistClean command="/usr/bin/make -f &quot;/home/joaquin/Documents/ITBA/CPTO/cripto_secreto_compartido/integration_module/Makefile&quot;  VERBOSE=1 clean"/>
				</MakeCommands>
			</Target>
			<Target title="cripto_secreto_compartido/fast">
				<Option output="/home/joaquin/Documents/ITBA/CPTO/cripto_secreto_compartido/integration_module/cripto_secreto_compartido" prefix_auto="0" extension_auto="0"/>
				<Option working_dir=""/>
				<Option object_output="./"/>
				<Option type="1"/>
				<Option compiler="gcc"/>
				<Compiler>
					<Add directory="/home/joaquin/Documents/ITBA/CPTO/cripto_secreto_compartido/bmp_library/src"/>
					<Add directory="/home/joaquin/Documents/ITBA/CPTO/cripto_secreto_compartido/image_secret/src"/>
					<Add directory="/home/joaquin/Documents/ITBA/CPTO/cripto_secreto_compartido/matrix_library"/>
				</Compiler>
				<MakeCommands>
					<Build command="/usr/bin/make -f &quot;/home/joaquin/Documents/ITBA/CPTO/cripto_secreto_compartido/integration_module/Makefile&quot;  VERBOSE=1 cripto_secreto_compartido/fast"/>
					<CompileFile command="/usr/bin/make -f &quot;/home/joaquin/Documents/ITBA/CPTO/cripto_secreto_compartido/integration_module/Makefile&quot;  VERBOSE=1 &quot;$file&quot;"/>
					<Clean command="/usr/bin/make -f &quot;/home/joaquin/Documents/ITBA/CPTO/cripto_secreto_compartido/integration_module/Makefile&quot;  VERBOSE=1 clean"/>
					<DistClean command="/usr/bin/make -f &quot;/home/joaquin/Documents/ITBA/CPTO/cripto_secreto_compartido/integration_module/Makefile&quot;  VERBOSE=1 clean"/>
				</MakeCommands>
			</Target>
		</Build>
		<Unit filename="/home/joaquin/Documents/ITBA/CPTO/cripto_secreto_compartido/bmp_library/src/bmp.c">
			<Option target="bmp_library"/>
		</Unit>
		<Unit filename="/home/joaquin/Documents/ITBA/CPTO/cripto_secreto_compartido/bmp_library/src/bmp.h">
			<Option target="bmp_library"/>
		</Unit>
		<Unit filename="/home/joaquin/Documents/ITBA/CPTO/cripto_secreto_compartido/image_secret/src/matrix_wrapper.c">
			<Option target="image_secret"/>
		</Unit>
		<Unit filename="/home/joaquin/Documents/ITBA/CPTO/cripto_secreto_compartido/image_secret/src/matrix_wrapper.h">
			<Option target="image_secret"/>
		</Unit>
		<Unit filename="/home/joaquin/Documents/ITBA/CPTO/cripto_secreto_compartido/image_secret/src/secret_workflow.c">
			<Option target="image_secret"/>
		</Unit>
		<Unit filename="/home/joaquin/Documents/ITBA/CPTO/cripto_secreto_compartido/image_secret/src/secret_workflow.h">
			<Option target="image_secret"/>
		</Unit>
		<Unit filename="/home/joaquin/Documents/ITBA/CPTO/cripto_secreto_compartido/integration_module/main.c">
			<Option target="cripto_secreto_compartido"/>
		</Unit>
		<Unit filename="/home/joaquin/Documents/ITBA/CPTO/cripto_secreto_compartido/matrix_library/libraryMod251.c">
			<Option target="matrix_library"/>
		</Unit>
		<Unit filename="/home/joaquin/Documents/ITBA/CPTO/cripto_secreto_compartido/matrix_library/libraryMod251.h">
			<Option target="matrix_library"/>
		</Unit>
		<Unit filename="/home/joaquin/Documents/ITBA/CPTO/cripto_secreto_compartido/matrix_library/matrixLibrary.c">
			<Option target="matrix_library"/>
		</Unit>
		<Unit filename="/home/joaquin/Documents/ITBA/CPTO/cripto_secreto_compartido/matrix_library/matrixLibrary.h">
			<Option target="matrix_library"/>
		</Unit>
		<Unit filename="/home/joaquin/Documents/ITBA/CPTO/cripto_secreto_compartido/CMakeLists.txt">
			<Option virtualFolder="CMake Files\"/>
		</Unit>
		<Unit filename="/home/joaquin/Documents/ITBA/CPTO/cripto_secreto_compartido/bmp_library/CMakeLists.txt">
			<Option virtualFolder="CMake Files\bmp_library\"/>
		</Unit>
		<Unit filename="/home/joaquin/Documents/ITBA/CPTO/cripto_secreto_compartido/matrix_library/CMakeLists.txt">
			<Option virtualFolder="CMake Files\matrix_library\"/>
		</Unit>
		<Unit filename="/home/joaquin/Documents/ITBA/CPTO/cripto_secreto_compartido/image_secret/CMakeLists.txt">
			<Option virtualFolder="CMake Files\image_secret\"/>
		</Unit>
		<Unit filename="/home/joaquin/Documents/ITBA/CPTO/cripto_secreto_compartido/integration_module/CMakeLists.txt">
			<Option virtualFolder="CMake Files\integration_module\"/>
		</Unit>
	</Project>
</CodeBlocks_project_file>
